// !$*UTF8*$!
{
	archiveVersion = 1;
	classes = {
	};
	objectVersion = 51;
	objects = {

/* Begin PBXBuildFile section */
		047593CA2549564800FE4D38 /* AppDelegate.swift in Sources */ = {isa = PBXBuildFile; fileRef = 047593C92549564800FE4D38 /* AppDelegate.swift */; };
		047593CE2549564800FE4D38 /* ViewController.swift in Sources */ = {isa = PBXBuildFile; fileRef = 047593CD2549564800FE4D38 /* ViewController.swift */; };
		047593D12549564800FE4D38 /* Main.storyboard in Resources */ = {isa = PBXBuildFile; fileRef = 047593CF2549564800FE4D38 /* Main.storyboard */; };
		047593D32549564A00FE4D38 /* Assets.xcassets in Resources */ = {isa = PBXBuildFile; fileRef = 047593D22549564A00FE4D38 /* Assets.xcassets */; };
		047593D62549564A00FE4D38 /* LaunchScreen.storyboard in Resources */ = {isa = PBXBuildFile; fileRef = 047593D42549564A00FE4D38 /* LaunchScreen.storyboard */; };
		047593E02549577700FE4D38 /* BubbleViewController.swift in Sources */ = {isa = PBXBuildFile; fileRef = 047593DF2549577700FE4D38 /* BubbleViewController.swift */; };
		047593EA2549592900FE4D38 /* LNSheetViewController.swift in Sources */ = {isa = PBXBuildFile; fileRef = 047593E92549592900FE4D38 /* LNSheetViewController.swift */; };
		61F49C8BCC173D7AA0E225DC /* Pods_LNBubble.framework in Frameworks */ = {isa = PBXBuildFile; fileRef = 3F5A39C3DECD1EC89AA2AEAF /* Pods_LNBubble.framework */; };
/* End PBXBuildFile section */

/* Begin PBXFileReference section */
		047593C62549564800FE4D38 /* LNBubble.app */ = {isa = PBXFileReference; explicitFileType = wrapper.application; includeInIndex = 0; path = LNBubble.app; sourceTree = BUILT_PRODUCTS_DIR; };
		047593C92549564800FE4D38 /* AppDelegate.swift */ = {isa = PBXFileReference; lastKnownFileType = sourcecode.swift; path = AppDelegate.swift; sourceTree = "<group>"; };
		047593CD2549564800FE4D38 /* ViewController.swift */ = {isa = PBXFileReference; lastKnownFileType = sourcecode.swift; path = ViewController.swift; sourceTree = "<group>"; };
		047593D02549564800FE4D38 /* Base */ = {isa = PBXFileReference; lastKnownFileType = file.storyboard; name = Base; path = Base.lproj/Main.storyboard; sourceTree = "<group>"; };
		047593D22549564A00FE4D38 /* Assets.xcassets */ = {isa = PBXFileReference; lastKnownFileType = folder.assetcatalog; path = Assets.xcassets; sourceTree = "<group>"; };
		047593D52549564A00FE4D38 /* Base */ = {isa = PBXFileReference; lastKnownFileType = file.storyboard; name = Base; path = Base.lproj/LaunchScreen.storyboard; sourceTree = "<group>"; };
		047593D72549564A00FE4D38 /* Info.plist */ = {isa = PBXFileReference; lastKnownFileType = text.plist.xml; path = Info.plist; sourceTree = "<group>"; };
		047593DF2549577700FE4D38 /* BubbleViewController.swift */ = {isa = PBXFileReference; fileEncoding = 4; lastKnownFileType = sourcecode.swift; path = BubbleViewController.swift; sourceTree = "<group>"; };
		047593E92549592900FE4D38 /* LNSheetViewController.swift */ = {isa = PBXFileReference; fileEncoding = 4; lastKnownFileType = sourcecode.swift; path = LNSheetViewController.swift; sourceTree = "<group>"; };
		3F5A39C3DECD1EC89AA2AEAF /* Pods_LNBubble.framework */ = {isa = PBXFileReference; explicitFileType = wrapper.framework; includeInIndex = 0; path = Pods_LNBubble.framework; sourceTree = BUILT_PRODUCTS_DIR; };
		74B334666BF3195B1C4F7D4C /* Pods-LNBubble.release.xcconfig */ = {isa = PBXFileReference; includeInIndex = 1; lastKnownFileType = text.xcconfig; name = "Pods-LNBubble.release.xcconfig"; path = "Target Support Files/Pods-LNBubble/Pods-LNBubble.release.xcconfig"; sourceTree = "<group>"; };
		F8916890587C409FE01CA99D /* Pods-LNBubble.debug.xcconfig */ = {isa = PBXFileReference; includeInIndex = 1; lastKnownFileType = text.xcconfig; name = "Pods-LNBubble.debug.xcconfig"; path = "Target Support Files/Pods-LNBubble/Pods-LNBubble.debug.xcconfig"; sourceTree = "<group>"; };
/* End PBXFileReference section */

/* Begin PBXFrameworksBuildPhase section */
		047593C32549564800FE4D38 /* Frameworks */ = {
			isa = PBXFrameworksBuildPhase;
			buildActionMask = 2147483647;
			files = (
				61F49C8BCC173D7AA0E225DC /* Pods_LNBubble.framework in Frameworks */,
			);
			runOnlyForDeploymentPostprocessing = 0;
		};
/* End PBXFrameworksBuildPhase section */

/* Begin PBXGroup section */
		047593BD2549564800FE4D38 = {
			isa = PBXGroup;
			children = (
				047593C82549564800FE4D38 /* LNBubble */,
				047593C72549564800FE4D38 /* Products */,
				95A04983298B7EAF0EEF82D2 /* Pods */,
				76513F3637D6E788D07375FF /* Frameworks */,
			);
			sourceTree = "<group>";
		};
		047593C72549564800FE4D38 /* Products */ = {
			isa = PBXGroup;
			children = (
				047593C62549564800FE4D38 /* LNBubble.app */,
			);
			name = Products;
			sourceTree = "<group>";
		};
		047593C82549564800FE4D38 /* LNBubble */ = {
			isa = PBXGroup;
			children = (
				047593C92549564800FE4D38 /* AppDelegate.swift */,
				047593CD2549564800FE4D38 /* ViewController.swift */,
				047593DF2549577700FE4D38 /* BubbleViewController.swift */,
				047593E92549592900FE4D38 /* LNSheetViewController.swift */,
				047593CF2549564800FE4D38 /* Main.storyboard */,
				047593D22549564A00FE4D38 /* Assets.xcassets */,
				047593D42549564A00FE4D38 /* LaunchScreen.storyboard */,
				047593D72549564A00FE4D38 /* Info.plist */,
			);
			path = LNBubble;
			sourceTree = "<group>";
		};
		76513F3637D6E788D07375FF /* Frameworks */ = {
			isa = PBXGroup;
			children = (
				3F5A39C3DECD1EC89AA2AEAF /* Pods_LNBubble.framework */,
			);
			name = Frameworks;
			sourceTree = "<group>";
		};
		95A04983298B7EAF0EEF82D2 /* Pods */ = {
			isa = PBXGroup;
			children = (
				F8916890587C409FE01CA99D /* Pods-LNBubble.debug.xcconfig */,
				74B334666BF3195B1C4F7D4C /* Pods-LNBubble.release.xcconfig */,
			);
			path = Pods;
			sourceTree = "<group>";
		};
/* End PBXGroup section */

/* Begin PBXNativeTarget section */
		047593C52549564800FE4D38 /* LNBubble */ = {
			isa = PBXNativeTarget;
			buildConfigurationList = 047593DA2549564A00FE4D38 /* Build configuration list for PBXNativeTarget "LNBubble" */;
			buildPhases = (
				E31D6D5369A5D1959610F385 /* [CP] Check Pods Manifest.lock */,
				047593C22549564800FE4D38 /* Sources */,
				047593C32549564800FE4D38 /* Frameworks */,
				047593C42549564800FE4D38 /* Resources */,
				6C383A326B20F511537F8B39 /* [CP] Embed Pods Frameworks */,
			);
			buildRules = (
			);
			dependencies = (
			);
			name = LNBubble;
			productName = LNBubble;
			productReference = 047593C62549564800FE4D38 /* LNBubble.app */;
			productType = "com.apple.product-type.application";
		};
/* End PBXNativeTarget section */

/* Begin PBXProject section */
		047593BE2549564800FE4D38 /* Project object */ = {
			isa = PBXProject;
			attributes = {
				LastSwiftUpdateCheck = 1210;
				LastUpgradeCheck = 1210;
				TargetAttributes = {
					047593C52549564800FE4D38 = {
						CreatedOnToolsVersion = 12.1;
					};
				};
			};
			buildConfigurationList = 047593C12549564800FE4D38 /* Build configuration list for PBXProject "LNBubble" */;
			compatibilityVersion = "Xcode 9.3";
			developmentRegion = en;
			hasScannedForEncodings = 0;
			knownRegions = (
				en,
				Base,
			);
			mainGroup = 047593BD2549564800FE4D38;
			productRefGroup = 047593C72549564800FE4D38 /* Products */;
			projectDirPath = "";
			projectRoot = "";
			targets = (
				047593C52549564800FE4D38 /* LNBubble */,
			);
		};
/* End PBXProject section */

/* Begin PBXResourcesBuildPhase section */
		047593C42549564800FE4D38 /* Resources */ = {
			isa = PBXResourcesBuildPhase;
			buildActionMask = 2147483647;
			files = (
				047593D62549564A00FE4D38 /* LaunchScreen.storyboard in Resources */,
				047593D32549564A00FE4D38 /* Assets.xcassets in Resources */,
				047593D12549564800FE4D38 /* Main.storyboard in Resources */,
			);
			runOnlyForDeploymentPostprocessing = 0;
		};
/* End PBXResourcesBuildPhase section */

/* Begin PBXShellScriptBuildPhase section */
		6C383A326B20F511537F8B39 /* [CP] Embed Pods Frameworks */ = {
			isa = PBXShellScriptBuildPhase;
			buildActionMask = 2147483647;
			files = (
			);
			inputFileListPaths = (
				"${PODS_ROOT}/Target Support Files/Pods-LNBubble/Pods-LNBubble-frameworks-${CONFIGURATION}-input-files.xcfilelist",
			);
			name = "[CP] Embed Pods Frameworks";
			outputFileListPaths = (
				"${PODS_ROOT}/Target Support Files/Pods-LNBubble/Pods-LNBubble-frameworks-${CONFIGURATION}-output-files.xcfilelist",
			);
			runOnlyForDeploymentPostprocessing = 0;
			shellPath = /bin/sh;
			shellScript = "\"${PODS_ROOT}/Target Support Files/Pods-LNBubble/Pods-LNBubble-frameworks.sh\"\n";
			showEnvVarsInLog = 0;
		};
		E31D6D5369A5D1959610F385 /* [CP] Check Pods Manifest.lock */ = {
			isa = PBXShellScriptBuildPhase;
			buildActionMask = 2147483647;
			files = (
			);
			inputFileListPaths = (
			);
			inputPaths = (
				"${PODS_PODFILE_DIR_PATH}/Podfile.lock",
				"${PODS_ROOT}/Manifest.lock",
			);
			name = "[CP] Check Pods Manifest.lock";
			outputFileListPaths = (
			);
			outputPaths = (
				"$(DERIVED_FILE_DIR)/Pods-LNBubble-checkManifestLockResult.txt",
			);
			runOnlyForDeploymentPostprocessing = 0;
			shellPath = /bin/sh;
			shellScript = "diff \"${PODS_PODFILE_DIR_PATH}/Podfile.lock\" \"${PODS_ROOT}/Manifest.lock\" > /dev/null\nif [ $? != 0 ] ; then\n    # print error to STDERR\n    echo \"error: The sandbox is not in sync with the Podfile.lock. Run 'pod install' or update your CocoaPods installation.\" >&2\n    exit 1\nfi\n# This output is used by Xcode 'outputs' to avoid re-running this script phase.\necho \"SUCCESS\" > \"${SCRIPT_OUTPUT_FILE_0}\"\n";
			showEnvVarsInLog = 0;
		};
/* End PBXShellScriptBuildPhase section */

/* Begin PBXSourcesBuildPhase section */
		047593C22549564800FE4D38 /* Sources */ = {
			isa = PBXSourcesBuildPhase;
			buildActionMask = 2147483647;
			files = (
				047593EA2549592900FE4D38 /* LNSheetViewController.swift in Sources */,
				047593CE2549564800FE4D38 /* ViewController.swift in Sources */,
				047593E02549577700FE4D38 /* BubbleViewController.swift in Sources */,
				047593CA2549564800FE4D38 /* AppDelegate.swift in Sources */,
			);
			runOnlyForDeploymentPostprocessing = 0;
		};
/* End PBXSourcesBuildPhase section */

/* Begin PBXVariantGroup section */
		047593CF2549564800FE4D38 /* Main.storyboard */ = {
			isa = PBXVariantGroup;
			children = (
				047593D02549564800FE4D38 /* Base */,
			);
			name = Main.storyboard;
			sourceTree = "<group>";
		};
		047593D42549564A00FE4D38 /* LaunchScreen.storyboard */ = {
			isa = PBXVariantGroup;
			children = (
				047593D52549564A00FE4D38 /* Base */,
			);
			name = LaunchScreen.storyboard;
			sourceTree = "<group>";
		};
/* End PBXVariantGroup section */

/* Begin XCBuildConfiguration section */
		047593D82549564A00FE4D38 /* Debug */ = {
			isa = XCBuildConfiguration;
			buildSettings = {
				ALWAYS_SEARCH_USER_PATHS = NO;
				CLANG_ANALYZER_NONNULL = YES;
				CLANG_ANALYZER_NUMBER_OBJECT_CONVERSION = YES_AGGRESSIVE;
				CLANG_CXX_LANGUAGE_STANDARD = "gnu++14";
				CLANG_CXX_LIBRARY = "libc++";
				CLANG_ENABLE_MODULES = YES;
				CLANG_ENABLE_OBJC_ARC = YES;
				CLANG_ENABLE_OBJC_WEAK = YES;
				CLANG_WARN_BLOCK_CAPTURE_AUTORELEASING = YES;
				CLANG_WARN_BOOL_CONVERSION = YES;
				CLANG_WARN_COMMA = YES;
				CLANG_WARN_CONSTANT_CONVERSION = YES;
				CLANG_WARN_DEPRECATED_OBJC_IMPLEMENTATIONS = YES;
				CLANG_WARN_DIRECT_OBJC_ISA_USAGE = YES_ERROR;
				CLANG_WARN_DOCUMENTATION_COMMENTS = YES;
				CLANG_WARN_EMPTY_BODY = YES;
				CLANG_WARN_ENUM_CONVERSION = YES;
				CLANG_WARN_INFINITE_RECURSION = YES;
				CLANG_WARN_INT_CONVERSION = YES;
				CLANG_WARN_NON_LITERAL_NULL_CONVERSION = YES;
				CLANG_WARN_OBJC_IMPLICIT_RETAIN_SELF = YES;
				CLANG_WARN_OBJC_LITERAL_CONVERSION = YES;
				CLANG_WARN_OBJC_ROOT_CLASS = YES_ERROR;
				CLANG_WARN_QUOTED_INCLUDE_IN_FRAMEWORK_HEADER = YES;
				CLANG_WARN_RANGE_LOOP_ANALYSIS = YES;
				CLANG_WARN_STRICT_PROTOTYPES = YES;
				CLANG_WARN_SUSPICIOUS_MOVE = YES;
				CLANG_WARN_UNGUARDED_AVAILABILITY = YES_AGGRESSIVE;
				CLANG_WARN_UNREACHABLE_CODE = YES;
				CLANG_WARN__DUPLICATE_METHOD_MATCH = YES;
				COPY_PHASE_STRIP = NO;
				DEBUG_INFORMATION_FORMAT = dwarf;
				ENABLE_STRICT_OBJC_MSGSEND = YES;
				ENABLE_TESTABILITY = YES;
				GCC_C_LANGUAGE_STANDARD = gnu11;
				GCC_DYNAMIC_NO_PIC = NO;
				GCC_NO_COMMON_BLOCKS = YES;
				GCC_OPTIMIZATION_LEVEL = 0;
				GCC_PREPROCESSOR_DEFINITIONS = (
					"DEBUG=1",
					"$(inherited)",
				);
				GCC_WARN_64_TO_32_BIT_CONVERSION = YES;
				GCC_WARN_ABOUT_RETURN_TYPE = YES_ERROR;
				GCC_WARN_UNDECLARED_SELECTOR = YES;
				GCC_WARN_UNINITIALIZED_AUTOS = YES_AGGRESSIVE;
				GCC_WARN_UNUSED_FUNCTION = YES;
				GCC_WARN_UNUSED_VARIABLE = YES;
				IPHONEOS_DEPLOYMENT_TARGET = 14.1;
				MTL_ENABLE_DEBUG_INFO = INCLUDE_SOURCE;
				MTL_FAST_MATH = YES;
				ONLY_ACTIVE_ARCH = YES;
				SDKROOT = iphoneos;
				SWIFT_ACTIVE_COMPILATION_CONDITIONS = DEBUG;
				SWIFT_OPTIMIZATION_LEVEL = "-Onone";
			};
			name = Debug;
		};
		047593D92549564A00FE4D38 /* Release */ = {
			isa = XCBuildConfiguration;
			buildSettings = {
				ALWAYS_SEARCH_USER_PATHS = NO;
				CLANG_ANALYZER_NONNULL = YES;
				CLANG_ANALYZER_NUMBER_OBJECT_CONVERSION = YES_AGGRESSIVE;
				CLANG_CXX_LANGUAGE_STANDARD = "gnu++14";
				CLANG_CXX_LIBRARY = "libc++";
				CLANG_ENABLE_MODULES = YES;
				CLANG_ENABLE_OBJC_ARC = YES;
				CLANG_ENABLE_OBJC_WEAK = YES;
				CLANG_WARN_BLOCK_CAPTURE_AUTORELEASING = YES;
				CLANG_WARN_BOOL_CONVERSION = YES;
				CLANG_WARN_COMMA = YES;
				CLANG_WARN_CONSTANT_CONVERSION = YES;
				CLANG_WARN_DEPRECATED_OBJC_IMPLEMENTATIONS = YES;
				CLANG_WARN_DIRECT_OBJC_ISA_USAGE = YES_ERROR;
				CLANG_WARN_DOCUMENTATION_COMMENTS = YES;
				CLANG_WARN_EMPTY_BODY = YES;
				CLANG_WARN_ENUM_CONVERSION = YES;
				CLANG_WARN_INFINITE_RECURSION = YES;
				CLANG_WARN_INT_CONVERSION = YES;
				CLANG_WARN_NON_LITERAL_NULL_CONVERSION = YES;
				CLANG_WARN_OBJC_IMPLICIT_RETAIN_SELF = YES;
				CLANG_WARN_OBJC_LITERAL_CONVERSION = YES;
				CLANG_WARN_OBJC_ROOT_CLASS = YES_ERROR;
				CLANG_WARN_QUOTED_INCLUDE_IN_FRAMEWORK_HEADER = YES;
				CLANG_WARN_RANGE_LOOP_ANALYSIS = YES;
				CLANG_WARN_STRICT_PROTOTYPES = YES;
				CLANG_WARN_SUSPICIOUS_MOVE = YES;
				CLANG_WARN_UNGUARDED_AVAILABILITY = YES_AGGRESSIVE;
				CLANG_WARN_UNREACHABLE_CODE = YES;
				CLANG_WARN__DUPLICATE_METHOD_MATCH = YES;
				COPY_PHASE_STRIP = NO;
				DEBUG_INFORMATION_FORMAT = "dwarf-with-dsym";
				ENABLE_NS_ASSERTIONS = NO;
				ENABLE_STRICT_OBJC_MSGSEND = YES;
				GCC_C_LANGUAGE_STANDARD = gnu11;
				GCC_NO_COMMON_BLOCKS = YES;
				GCC_WARN_64_TO_32_BIT_CONVERSION = YES;
				GCC_WARN_ABOUT_RETURN_TYPE = YES_ERROR;
				GCC_WARN_UNDECLARED_SELECTOR = YES;
				GCC_WARN_UNINITIALIZED_AUTOS = YES_AGGRESSIVE;
				GCC_WARN_UNUSED_FUNCTION = YES;
				GCC_WARN_UNUSED_VARIABLE = YES;
				IPHONEOS_DEPLOYMENT_TARGET = 14.1;
				MTL_ENABLE_DEBUG_INFO = NO;
				MTL_FAST_MATH = YES;
				SDKROOT = iphoneos;
				SWIFT_COMPILATION_MODE = wholemodule;
				SWIFT_OPTIMIZATION_LEVEL = "-O";
				VALIDATE_PRODUCT = YES;
			};
			name = Release;
		};
		047593DB2549564A00FE4D38 /* Debug */ = {
			isa = XCBuildConfiguration;
			baseConfigurationReference = F8916890587C409FE01CA99D /* Pods-LNBubble.debug.xcconfig */;
			buildSettings = {
				ASSETCATALOG_COMPILER_APPICON_NAME = AppIcon;
				ASSETCATALOG_COMPILER_GLOBAL_ACCENT_COLOR_NAME = AccentColor;
				CODE_SIGN_STYLE = Automatic;
				DEVELOPMENT_TEAM = X5MSQ8KT9X;
				INFOPLIST_FILE = LNBubble/Info.plist;
				LD_RUNPATH_SEARCH_PATHS = (
					"$(inherited)",
					"@executable_path/Frameworks",
				);
				PRODUCT_BUNDLE_IDENTIFIER = com.yiliangkeji.LNBubble;
				PRODUCT_NAME = "$(TARGET_NAME)";
				SWIFT_VERSION = 5.0;
				TARGETED_DEVICE_FAMILY = "1,2";
			};
			name = Debug;
		};
		047593DC2549564A00FE4D38 /* Release */ = {
			isa = XCBuildConfiguration;
			baseConfigurationReference = 74B334666BF3195B1C4F7D4C /* Pods-LNBubble.release.xcconfig */;
			buildSettings = {
				ASSETCATALOG_COMPILER_APPICON_NAME = AppIcon;
				ASSETCATALOG_COMPILER_GLOBAL_ACCENT_COLOR_NAME = AccentColor;
				CODE_SIGN_STYLE = Automatic;
				DEVELOPMENT_TEAM = X5MSQ8KT9X;
				INFOPLIST_FILE = LNBubble/Info.plist;
				LD_RUNPATH_SEARCH_PATHS = (
					"$(inherited)",
					"@executable_path/Frameworks",
				);
				PRODUCT_BUNDLE_IDENTIFIER = com.yiliangkeji.LNBubble;
				PRODUCT_NAME = "$(TARGET_NAME)";
				SWIFT_VERSION = 5.0;
				TARGETED_DEVICE_FAMILY = "1,2";
			};
			name = Release;
		};
/* End XCBuildConfiguration section */

/* Begin XCConfigurationList section */
		047593C12549564800FE4D38 /* Build configuration list for PBXProject "LNBubble" */ = {
			isa = XCConfigurationList;
			buildConfigurations = (
				047593D82549564A00FE4D38 /* Debug */,
				047593D92549564A00FE4D38 /* Release */,
			);
			defaultConfigurationIsVisible = 0;
			defaultConfigurationName = Release;
		};
		047593DA2549564A00FE4D38 /* Build configuration list for PBXNativeTarget "LNBubble" */ = {
			isa = XCConfigurationList;
			buildConfigurations = (
				047593DB2549564A00FE4D38 /* Debug */,
				047593DC2549564A00FE4D38 /* Release */,
			);
			defaultConfigurationIsVisible = 0;
			defaultConfigurationName = Release;
		};
/* End XCConfigurationList section */
	};
	rootObject = 047593BE2549564800FE4D38 /* Project object */;
}
